
Microsoft Visual Studio Solution File, Format Version 12.00
# Visual Studio Version 16
VisualStudioVersion = 16.0.31025.194
MinimumVisualStudioVersion = 10.0.40219.1
Project("{FAE04EC0-301F-11D3-BF4B-00C04F79EFBC}") = "TUFBot", "TUFBot\TUFBot.csproj", "{CC9752D9-1C9A-40CE-9497-23BA1BDD6DA7}"
EndProject
Global
	GlobalSection(SolutionConfigurationPlatforms) = preSolution
		Debug|Any CPU = Debug|Any CPU
		Release|Any CPU = Release|Any CPU
	EndGlobalSection
	GlobalSection(ProjectConfigurationPlatforms) = postSolution
		{CC9752D9-1C9A-40CE-9497-23BA1BDD6DA7}.Debug|Any CPU.ActiveCfg = Debug|Any CPU
		{CC9752D9-1C9A-40CE-9497-23BA1BDD6DA7}.Debug|Any CPU.Build.0 = Debug|Any CPU
		{CC9752D9-1C9A-40CE-9497-23BA1BDD6DA7}.Release|Any CPU.ActiveCfg = Release|Any CPU
		{CC9752D9-1C9A-40CE-9497-23BA1BDD6DA7}.Release|Any CPU.Build.0 = Release|Any CPU
	EndGlobalSection
	GlobalSection(SolutionProperties) = preSolution
		HideSolutionNode = FALSE
	EndGlobalSection
	GlobalSection(ExtensibilityGlobals) = postSolution
		SolutionGuid = {C13D432E-8365-4F22-B53C-2F2154BF6D22}
	EndGlobalSection
EndGlobal
